
Microsoft Visual Studio Solution File, Format Version 12.00
# Visual Studio Version 17
VisualStudioVersion = 17.3.32819.101
MinimumVisualStudioVersion = 10.0.40219.1
Project("{9A19103F-16F7-4668-BE54-9A1E7A4F7556}") = "CardGameTracker", "CardGameTracker\CardGameTracker.csproj", "{34E006B3-F0D2-417E-8E9B-EB0EA20ABF25}"
EndProject
Project("{00D1A9C2-B5F0-4AF3-8072-F6C62B433612}") = "CardGameTrackerDB", "CardGameTrackerDB\CardGameTrackerDB.sqlproj", "{8C941446-74ED-4D99-AB11-01EF11404891}"
EndProject
Project("{FAE04EC0-301F-11D3-BF4B-00C04F79EFBC}") = "CardGameTracker.Mobile", "CardGameTracker.Mobile\CardGameTracker.Mobile.csproj", "{4CDF7093-AAEF-4229-8A9E-4B87CCDB9290}"
EndProject
Project("{FAE04EC0-301F-11D3-BF4B-00C04F79EFBC}") = "CardGameTracker.API", "CardGameTracker.API\CardGameTracker.API.csproj", "{11D825AF-B52D-490D-8A73-73DCC703280B}"
EndProject
Global
	GlobalSection(SolutionConfigurationPlatforms) = preSolution
		Debug|Any CPU = Debug|Any CPU
		Release|Any CPU = Release|Any CPU
	EndGlobalSection
	GlobalSection(ProjectConfigurationPlatforms) = postSolution
		{34E006B3-F0D2-417E-8E9B-EB0EA20ABF25}.Debug|Any CPU.ActiveCfg = Debug|Any CPU
		{34E006B3-F0D2-417E-8E9B-EB0EA20ABF25}.Debug|Any CPU.Build.0 = Debug|Any CPU
		{34E006B3-F0D2-417E-8E9B-EB0EA20ABF25}.Release|Any CPU.ActiveCfg = Release|Any CPU
		{34E006B3-F0D2-417E-8E9B-EB0EA20ABF25}.Release|Any CPU.Build.0 = Release|Any CPU
		{8C941446-74ED-4D99-AB11-01EF11404891}.Debug|Any CPU.ActiveCfg = Debug|Any CPU
		{8C941446-74ED-4D99-AB11-01EF11404891}.Debug|Any CPU.Build.0 = Debug|Any CPU
		{8C941446-74ED-4D99-AB11-01EF11404891}.Debug|Any CPU.Deploy.0 = Debug|Any CPU
		{8C941446-74ED-4D99-AB11-01EF11404891}.Release|Any CPU.ActiveCfg = Release|Any CPU
		{8C941446-74ED-4D99-AB11-01EF11404891}.Release|Any CPU.Build.0 = Release|Any CPU
		{8C941446-74ED-4D99-AB11-01EF11404891}.Release|Any CPU.Deploy.0 = Release|Any CPU
		{4CDF7093-AAEF-4229-8A9E-4B87CCDB9290}.Debug|Any CPU.ActiveCfg = Debug|Any CPU
		{4CDF7093-AAEF-4229-8A9E-4B87CCDB9290}.Debug|Any CPU.Build.0 = Debug|Any CPU
		{4CDF7093-AAEF-4229-8A9E-4B87CCDB9290}.Debug|Any CPU.Deploy.0 = Debug|Any CPU
		{4CDF7093-AAEF-4229-8A9E-4B87CCDB9290}.Release|Any CPU.ActiveCfg = Release|Any CPU
		{4CDF7093-AAEF-4229-8A9E-4B87CCDB9290}.Release|Any CPU.Build.0 = Release|Any CPU
		{4CDF7093-AAEF-4229-8A9E-4B87CCDB9290}.Release|Any CPU.Deploy.0 = Release|Any CPU
		{11D825AF-B52D-490D-8A73-73DCC703280B}.Debug|Any CPU.ActiveCfg = Debug|Any CPU
		{11D825AF-B52D-490D-8A73-73DCC703280B}.Debug|Any CPU.Build.0 = Debug|Any CPU
		{11D825AF-B52D-490D-8A73-73DCC703280B}.Release|Any CPU.ActiveCfg = Release|Any CPU
		{11D825AF-B52D-490D-8A73-73DCC703280B}.Release|Any CPU.Build.0 = Release|Any CPU
	EndGlobalSection
	GlobalSection(SolutionProperties) = preSolution
		HideSolutionNode = FALSE
	EndGlobalSection
	GlobalSection(ExtensibilityGlobals) = postSolution
		SolutionGuid = {0E461863-BA07-4BBF-AECF-A29097CD6449}
	EndGlobalSection
EndGlobal
